
Microsoft Visual Studio Solution File, Format Version 12.00
# Visual Studio Version 16
VisualStudioVersion = 16.0.28803.452
MinimumVisualStudioVersion = 10.0.40219.1
Project("{FAE04EC0-301F-11D3-BF4B-00C04F79EFBC}") = "MotorcycleAdventures.Android", "MotorcycleAdventures\MotorcycleAdventures.Android\MotorcycleAdventures.Android.csproj", "{06D3903E-CFFD-436A-B4B7-8431975CFF58}"
EndProject
Project("{FAE04EC0-301F-11D3-BF4B-00C04F79EFBC}") = "MotorcycleAdventures.iOS", "MotorcycleAdventures\MotorcycleAdventures.iOS\MotorcycleAdventures.iOS.csproj", "{5336DE24-B9EF-4919-A121-3525D0911102}"
EndProject
Project("{FAE04EC0-301F-11D3-BF4B-00C04F79EFBC}") = "MotorcycleAdventures", "MotorcycleAdventures\MotorcycleAdventures\MotorcycleAdventures.csproj", "{8BBD78E9-3910-4AA1-BEA5-47A6A28DE542}"
EndProject
Global
	GlobalSection(SolutionConfigurationPlatforms) = preSolution
		Debug|Any CPU = Debug|Any CPU
		Debug|iPhone = Debug|iPhone
		Debug|iPhoneSimulator = Debug|iPhoneSimulator
		Release|Any CPU = Release|Any CPU
		Release|iPhone = Release|iPhone
		Release|iPhoneSimulator = Release|iPhoneSimulator
	EndGlobalSection
	GlobalSection(ProjectConfigurationPlatforms) = postSolution
		{06D3903E-CFFD-436A-B4B7-8431975CFF58}.Debug|Any CPU.ActiveCfg = Debug|Any CPU
		{06D3903E-CFFD-436A-B4B7-8431975CFF58}.Debug|Any CPU.Build.0 = Debug|Any CPU
		{06D3903E-CFFD-436A-B4B7-8431975CFF58}.Debug|Any CPU.Deploy.0 = Debug|Any CPU
		{06D3903E-CFFD-436A-B4B7-8431975CFF58}.Debug|iPhone.ActiveCfg = Debug|Any CPU
		{06D3903E-CFFD-436A-B4B7-8431975CFF58}.Debug|iPhone.Build.0 = Debug|Any CPU
		{06D3903E-CFFD-436A-B4B7-8431975CFF58}.Debug|iPhone.Deploy.0 = Debug|Any CPU
		{06D3903E-CFFD-436A-B4B7-8431975CFF58}.Debug|iPhoneSimulator.ActiveCfg = Debug|Any CPU
		{06D3903E-CFFD-436A-B4B7-8431975CFF58}.Debug|iPhoneSimulator.Build.0 = Debug|Any CPU
		{06D3903E-CFFD-436A-B4B7-8431975CFF58}.Debug|iPhoneSimulator.Deploy.0 = Debug|Any CPU
		{06D3903E-CFFD-436A-B4B7-8431975CFF58}.Release|Any CPU.ActiveCfg = Release|Any CPU
		{06D3903E-CFFD-436A-B4B7-8431975CFF58}.Release|Any CPU.Build.0 = Release|Any CPU
		{06D3903E-CFFD-436A-B4B7-8431975CFF58}.Release|Any CPU.Deploy.0 = Release|Any CPU
		{06D3903E-CFFD-436A-B4B7-8431975CFF58}.Release|iPhone.ActiveCfg = Release|Any CPU
		{06D3903E-CFFD-436A-B4B7-8431975CFF58}.Release|iPhone.Build.0 = Release|Any CPU
		{06D3903E-CFFD-436A-B4B7-8431975CFF58}.Release|iPhone.Deploy.0 = Release|Any CPU
		{06D3903E-CFFD-436A-B4B7-8431975CFF58}.Release|iPhoneSimulator.ActiveCfg = Release|Any CPU
		{06D3903E-CFFD-436A-B4B7-8431975CFF58}.Release|iPhoneSimulator.Build.0 = Release|Any CPU
		{06D3903E-CFFD-436A-B4B7-8431975CFF58}.Release|iPhoneSimulator.Deploy.0 = Release|Any CPU
		{5336DE24-B9EF-4919-A121-3525D0911102}.Debug|Any CPU.ActiveCfg = Debug|iPhoneSimulator
		{5336DE24-B9EF-4919-A121-3525D0911102}.Debug|Any CPU.Build.0 = Debug|iPhoneSimulator
		{5336DE24-B9EF-4919-A121-3525D0911102}.Debug|Any CPU.Deploy.0 = Debug|iPhoneSimulator
		{5336DE24-B9EF-4919-A121-3525D0911102}.Debug|iPhone.ActiveCfg = Debug|iPhone
		{5336DE24-B9EF-4919-A121-3525D0911102}.Debug|iPhone.Build.0 = Debug|iPhone
		{5336DE24-B9EF-4919-A121-3525D0911102}.Debug|iPhone.Deploy.0 = Debug|iPhone
		{5336DE24-B9EF-4919-A121-3525D0911102}.Debug|iPhoneSimulator.ActiveCfg = Debug|iPhoneSimulator
		{5336DE24-B9EF-4919-A121-3525D0911102}.Debug|iPhoneSimulator.Build.0 = Debug|iPhoneSimulator
		{5336DE24-B9EF-4919-A121-3525D0911102}.Debug|iPhoneSimulator.Deploy.0 = Debug|iPhoneSimulator
		{5336DE24-B9EF-4919-A121-3525D0911102}.Release|Any CPU.ActiveCfg = Release|iPhone
		{5336DE24-B9EF-4919-A121-3525D0911102}.Release|Any CPU.Build.0 = Release|iPhone
		{5336DE24-B9EF-4919-A121-3525D0911102}.Release|Any CPU.Deploy.0 = Release|iPhone
		{5336DE24-B9EF-4919-A121-3525D0911102}.Release|iPhone.ActiveCfg = Release|iPhone
		{5336DE24-B9EF-4919-A121-3525D0911102}.Release|iPhone.Build.0 = Release|iPhone
		{5336DE24-B9EF-4919-A121-3525D0911102}.Release|iPhone.Deploy.0 = Release|iPhone
		{5336DE24-B9EF-4919-A121-3525D0911102}.Release|iPhoneSimulator.ActiveCfg = Release|iPhoneSimulator
		{5336DE24-B9EF-4919-A121-3525D0911102}.Release|iPhoneSimulator.Build.0 = Release|iPhoneSimulator
		{5336DE24-B9EF-4919-A121-3525D0911102}.Release|iPhoneSimulator.Deploy.0 = Release|iPhoneSimulator
		{8BBD78E9-3910-4AA1-BEA5-47A6A28DE542}.Debug|Any CPU.ActiveCfg = Debug|Any CPU
		{8BBD78E9-3910-4AA1-BEA5-47A6A28DE542}.Debug|Any CPU.Build.0 = Debug|Any CPU
		{8BBD78E9-3910-4AA1-BEA5-47A6A28DE542}.Debug|Any CPU.Deploy.0 = Debug|Any CPU
		{8BBD78E9-3910-4AA1-BEA5-47A6A28DE542}.Debug|iPhone.ActiveCfg = Debug|Any CPU
		{8BBD78E9-3910-4AA1-BEA5-47A6A28DE542}.Debug|iPhone.Build.0 = Debug|Any CPU
		{8BBD78E9-3910-4AA1-BEA5-47A6A28DE542}.Debug|iPhone.Deploy.0 = Debug|Any CPU
		{8BBD78E9-3910-4AA1-BEA5-47A6A28DE542}.Debug|iPhoneSimulator.ActiveCfg = Debug|Any CPU
		{8BBD78E9-3910-4AA1-BEA5-47A6A28DE542}.Debug|iPhoneSimulator.Build.0 = Debug|Any CPU
		{8BBD78E9-3910-4AA1-BEA5-47A6A28DE542}.Debug|iPhoneSimulator.Deploy.0 = Debug|Any CPU
		{8BBD78E9-3910-4AA1-BEA5-47A6A28DE542}.Release|Any CPU.ActiveCfg = Release|Any CPU
		{8BBD78E9-3910-4AA1-BEA5-47A6A28DE542}.Release|Any CPU.Build.0 = Release|Any CPU
		{8BBD78E9-3910-4AA1-BEA5-47A6A28DE542}.Release|Any CPU.Deploy.0 = Release|Any CPU
		{8BBD78E9-3910-4AA1-BEA5-47A6A28DE542}.Release|iPhone.ActiveCfg = Release|Any CPU
		{8BBD78E9-3910-4AA1-BEA5-47A6A28DE542}.Release|iPhone.Build.0 = Release|Any CPU
		{8BBD78E9-3910-4AA1-BEA5-47A6A28DE542}.Release|iPhone.Deploy.0 = Release|Any CPU
		{8BBD78E9-3910-4AA1-BEA5-47A6A28DE542}.Release|iPhoneSimulator.ActiveCfg = Release|Any CPU
		{8BBD78E9-3910-4AA1-BEA5-47A6A28DE542}.Release|iPhoneSimulator.Build.0 = Release|Any CPU
		{8BBD78E9-3910-4AA1-BEA5-47A6A28DE542}.Release|iPhoneSimulator.Deploy.0 = Release|Any CPU
	EndGlobalSection
	GlobalSection(SolutionProperties) = preSolution
		HideSolutionNode = FALSE
	EndGlobalSection
	GlobalSection(ExtensibilityGlobals) = postSolution
		SolutionGuid = {58164E96-10BC-4692-8B10-224314074612}
	EndGlobalSection
EndGlobal
